
Microsoft Visual Studio Solution File, Format Version 12.00
# Visual Studio 15
VisualStudioVersion = 15.0.28307.271
MinimumVisualStudioVersion = 10.0.40219.1
Project("{9A19103F-16F7-4668-BE54-9A1E7A4F7556}") = "Teleportation", "Teleportation\Teleportation.csproj", "{F125A6E3-8ECD-47EC-9E52-75F594F5EC24}"
EndProject
Project("{9A19103F-16F7-4668-BE54-9A1E7A4F7556}") = "Deutsch", "Deutsch\Deutsch.csproj", "{B0CBEF63-713B-41D5-A194-F1F7B4D10219}"
EndProject
Project("{9A19103F-16F7-4668-BE54-9A1E7A4F7556}") = "DeutschJozsa", "DeutschJozsa\DeutschJozsa.csproj", "{B1DEEC84-5283-4642-BC91-18F4D02F7555}"
EndProject
Project("{FAE04EC0-301F-11D3-BF4B-00C04F79EFBC}") = "SuperdenseCoding", "SuperdenseCoding\SuperdenseCoding.csproj", "{1F41D231-847F-4B27-99DE-C0BB7D11EB10}"
EndProject
Global
	GlobalSection(SolutionConfigurationPlatforms) = preSolution
		Debug|Any CPU = Debug|Any CPU
		Release|Any CPU = Release|Any CPU
	EndGlobalSection
	GlobalSection(ProjectConfigurationPlatforms) = postSolution
		{F125A6E3-8ECD-47EC-9E52-75F594F5EC24}.Debug|Any CPU.ActiveCfg = Debug|Any CPU
		{F125A6E3-8ECD-47EC-9E52-75F594F5EC24}.Debug|Any CPU.Build.0 = Debug|Any CPU
		{F125A6E3-8ECD-47EC-9E52-75F594F5EC24}.Release|Any CPU.ActiveCfg = Release|Any CPU
		{F125A6E3-8ECD-47EC-9E52-75F594F5EC24}.Release|Any CPU.Build.0 = Release|Any CPU
		{B0CBEF63-713B-41D5-A194-F1F7B4D10219}.Debug|Any CPU.ActiveCfg = Debug|Any CPU
		{B0CBEF63-713B-41D5-A194-F1F7B4D10219}.Debug|Any CPU.Build.0 = Debug|Any CPU
		{B0CBEF63-713B-41D5-A194-F1F7B4D10219}.Release|Any CPU.ActiveCfg = Release|Any CPU
		{B0CBEF63-713B-41D5-A194-F1F7B4D10219}.Release|Any CPU.Build.0 = Release|Any CPU
		{B1DEEC84-5283-4642-BC91-18F4D02F7555}.Debug|Any CPU.ActiveCfg = Debug|Any CPU
		{B1DEEC84-5283-4642-BC91-18F4D02F7555}.Debug|Any CPU.Build.0 = Debug|Any CPU
		{B1DEEC84-5283-4642-BC91-18F4D02F7555}.Release|Any CPU.ActiveCfg = Release|Any CPU
		{B1DEEC84-5283-4642-BC91-18F4D02F7555}.Release|Any CPU.Build.0 = Release|Any CPU
		{1F41D231-847F-4B27-99DE-C0BB7D11EB10}.Debug|Any CPU.ActiveCfg = Debug|Any CPU
		{1F41D231-847F-4B27-99DE-C0BB7D11EB10}.Debug|Any CPU.Build.0 = Debug|Any CPU
		{1F41D231-847F-4B27-99DE-C0BB7D11EB10}.Release|Any CPU.ActiveCfg = Release|Any CPU
		{1F41D231-847F-4B27-99DE-C0BB7D11EB10}.Release|Any CPU.Build.0 = Release|Any CPU
	EndGlobalSection
	GlobalSection(SolutionProperties) = preSolution
		HideSolutionNode = FALSE
	EndGlobalSection
	GlobalSection(ExtensibilityGlobals) = postSolution
		SolutionGuid = {647D7296-4C9D-4FC2-B437-B79DE36A448D}
	EndGlobalSection
EndGlobal
